// !$*UTF8*$!
{
	archiveVersion = 1;
	classes = {
	};
	objectVersion = 46;
	objects = {

/* Begin PBXBuildFile section */
		16CD35E91CA9A6DE00FA6933 /* AppDelegate.swift in Sources */ = {isa = PBXBuildFile; fileRef = 16CD35E81CA9A6DE00FA6933 /* AppDelegate.swift */; };
		16CD35EB1CA9A6DE00FA6933 /* ViewController.swift in Sources */ = {isa = PBXBuildFile; fileRef = 16CD35EA1CA9A6DE00FA6933 /* ViewController.swift */; };
		16CD35EE1CA9A6DE00FA6933 /* Main.storyboard in Resources */ = {isa = PBXBuildFile; fileRef = 16CD35EC1CA9A6DE00FA6933 /* Main.storyboard */; };
		16CD35F01CA9A6DE00FA6933 /* Assets.xcassets in Resources */ = {isa = PBXBuildFile; fileRef = 16CD35EF1CA9A6DE00FA6933 /* Assets.xcassets */; };
		16CD35F31CA9A6DE00FA6933 /* LaunchScreen.storyboard in Resources */ = {isa = PBXBuildFile; fileRef = 16CD35F11CA9A6DE00FA6933 /* LaunchScreen.storyboard */; };
		51FB8B363EA79B896FF14D20 /* Pods_LightbulbDemo.framework in Frameworks */ = {isa = PBXBuildFile; fileRef = B51FC9FD9E3BB74A79D7A277 /* Pods_LightbulbDemo.framework */; };
/* End PBXBuildFile section */

/* Begin PBXFileReference section */
		16CD35E51CA9A6DD00FA6933 /* LightbulbDemo.app */ = {isa = PBXFileReference; explicitFileType = wrapper.application; includeInIndex = 0; path = LightbulbDemo.app; sourceTree = BUILT_PRODUCTS_DIR; };
		16CD35E81CA9A6DE00FA6933 /* AppDelegate.swift */ = {isa = PBXFileReference; lastKnownFileType = sourcecode.swift; path = AppDelegate.swift; sourceTree = "<group>"; };
		16CD35EA1CA9A6DE00FA6933 /* ViewController.swift */ = {isa = PBXFileReference; lastKnownFileType = sourcecode.swift; path = ViewController.swift; sourceTree = "<group>"; };
		16CD35ED1CA9A6DE00FA6933 /* Base */ = {isa = PBXFileReference; lastKnownFileType = file.storyboard; name = Base; path = Base.lproj/Main.storyboard; sourceTree = "<group>"; };
		16CD35EF1CA9A6DE00FA6933 /* Assets.xcassets */ = {isa = PBXFileReference; lastKnownFileType = folder.assetcatalog; path = Assets.xcassets; sourceTree = "<group>"; };
		16CD35F21CA9A6DE00FA6933 /* Base */ = {isa = PBXFileReference; lastKnownFileType = file.storyboard; name = Base; path = Base.lproj/LaunchScreen.storyboard; sourceTree = "<group>"; };
		16CD35F41CA9A6DE00FA6933 /* Info.plist */ = {isa = PBXFileReference; lastKnownFileType = text.plist.xml; path = Info.plist; sourceTree = "<group>"; };
		16EDD4241CA9A96C0008D5D4 /* LightbulbDemo-Bridging-Header.h */ = {isa = PBXFileReference; lastKnownFileType = sourcecode.c.h; path = "LightbulbDemo-Bridging-Header.h"; sourceTree = "<group>"; };
		1F70996622F4DDC95CA2FFF6 /* Pods-LightbulbDemo.release.xcconfig */ = {isa = PBXFileReference; includeInIndex = 1; lastKnownFileType = text.xcconfig; name = "Pods-LightbulbDemo.release.xcconfig"; path = "Pods/Target Support Files/Pods-LightbulbDemo/Pods-LightbulbDemo.release.xcconfig"; sourceTree = "<group>"; };
		B51FC9FD9E3BB74A79D7A277 /* Pods_LightbulbDemo.framework */ = {isa = PBXFileReference; explicitFileType = wrapper.framework; includeInIndex = 0; path = Pods_LightbulbDemo.framework; sourceTree = BUILT_PRODUCTS_DIR; };
		FF2D0EC4EED86D466B1E4038 /* Pods-LightbulbDemo.debug.xcconfig */ = {isa = PBXFileReference; includeInIndex = 1; lastKnownFileType = text.xcconfig; name = "Pods-LightbulbDemo.debug.xcconfig"; path = "Pods/Target Support Files/Pods-LightbulbDemo/Pods-LightbulbDemo.debug.xcconfig"; sourceTree = "<group>"; };
/* End PBXFileReference section */

/* Begin PBXFrameworksBuildPhase section */
		16CD35E21CA9A6DD00FA6933 /* Frameworks */ = {
			isa = PBXFrameworksBuildPhase;
			buildActionMask = 2147483647;
			files = (
				51FB8B363EA79B896FF14D20 /* Pods_LightbulbDemo.framework in Frameworks */,
			);
			runOnlyForDeploymentPostprocessing = 0;
		};
/* End PBXFrameworksBuildPhase section */

/* Begin PBXGroup section */
		16CD35DC1CA9A6DD00FA6933 = {
			isa = PBXGroup;
			children = (
				16CD35E71CA9A6DD00FA6933 /* LightbulbDemo */,
				16CD35E61CA9A6DD00FA6933 /* Products */,
				47CD8BEC481208C718D70610 /* Pods */,
				83BFF2AEF93A73FEFE2C21CC /* Frameworks */,
			);
			sourceTree = "<group>";
		};
		16CD35E61CA9A6DD00FA6933 /* Products */ = {
			isa = PBXGroup;
			children = (
				16CD35E51CA9A6DD00FA6933 /* LightbulbDemo.app */,
			);
			name = Products;
			sourceTree = "<group>";
		};
		16CD35E71CA9A6DD00FA6933 /* LightbulbDemo */ = {
			isa = PBXGroup;
			children = (
				16CD35E81CA9A6DE00FA6933 /* AppDelegate.swift */,
				16CD35EA1CA9A6DE00FA6933 /* ViewController.swift */,
				16CD35EC1CA9A6DE00FA6933 /* Main.storyboard */,
				16CD35EF1CA9A6DE00FA6933 /* Assets.xcassets */,
				16CD35F11CA9A6DE00FA6933 /* LaunchScreen.storyboard */,
				16CD35F41CA9A6DE00FA6933 /* Info.plist */,
				16EDD4241CA9A96C0008D5D4 /* LightbulbDemo-Bridging-Header.h */,
			);
			path = LightbulbDemo;
			sourceTree = "<group>";
		};
		47CD8BEC481208C718D70610 /* Pods */ = {
			isa = PBXGroup;
			children = (
				FF2D0EC4EED86D466B1E4038 /* Pods-LightbulbDemo.debug.xcconfig */,
				1F70996622F4DDC95CA2FFF6 /* Pods-LightbulbDemo.release.xcconfig */,
			);
			name = Pods;
			sourceTree = "<group>";
		};
		83BFF2AEF93A73FEFE2C21CC /* Frameworks */ = {
			isa = PBXGroup;
			children = (
				B51FC9FD9E3BB74A79D7A277 /* Pods_LightbulbDemo.framework */,
			);
			name = Frameworks;
			sourceTree = "<group>";
		};
/* End PBXGroup section */

/* Begin PBXNativeTarget section */
		16CD35E41CA9A6DD00FA6933 /* LightbulbDemo */ = {
			isa = PBXNativeTarget;
			buildConfigurationList = 16CD35F71CA9A6DE00FA6933 /* Build configuration list for PBXNativeTarget "LightbulbDemo" */;
			buildPhases = (
				74DDBBCAB39695593825C4FF /* Check Pods Manifest.lock */,
				16CD35E11CA9A6DD00FA6933 /* Sources */,
				16CD35E21CA9A6DD00FA6933 /* Frameworks */,
				16CD35E31CA9A6DD00FA6933 /* Resources */,
				040DE71362B9529EB70281FE /* Embed Pods Frameworks */,
				DB4C7C5C43A7DA528383175A /* Copy Pods Resources */,
			);
			buildRules = (
			);
			dependencies = (
			);
			name = LightbulbDemo;
			productName = LightbulbDemo;
			productReference = 16CD35E51CA9A6DD00FA6933 /* LightbulbDemo.app */;
			productType = "com.apple.product-type.application";
		};
/* End PBXNativeTarget section */

/* Begin PBXProject section */
		16CD35DD1CA9A6DD00FA6933 /* Project object */ = {
			isa = PBXProject;
			attributes = {
				LastSwiftUpdateCheck = 0730;
				LastUpgradeCheck = 0730;
				ORGANIZATIONNAME = Kii;
				TargetAttributes = {
					16CD35E41CA9A6DD00FA6933 = {
						CreatedOnToolsVersion = 7.3;
						DevelopmentTeam = D3XDJB389J;
						SystemCapabilities = {
							com.apple.BackgroundModes = {
								enabled = 1;
							};
							com.apple.Push = {
								enabled = 1;
							};
						};
					};
				};
			};
			buildConfigurationList = 16CD35E01CA9A6DD00FA6933 /* Build configuration list for PBXProject "LightbulbDemo" */;
			compatibilityVersion = "Xcode 3.2";
			developmentRegion = English;
			hasScannedForEncodings = 0;
			knownRegions = (
				en,
				Base,
			);
			mainGroup = 16CD35DC1CA9A6DD00FA6933;
			productRefGroup = 16CD35E61CA9A6DD00FA6933 /* Products */;
			projectDirPath = "";
			projectRoot = "";
			targets = (
				16CD35E41CA9A6DD00FA6933 /* LightbulbDemo */,
			);
		};
/* End PBXProject section */

/* Begin PBXResourcesBuildPhase section */
		16CD35E31CA9A6DD00FA6933 /* Resources */ = {
			isa = PBXResourcesBuildPhase;
			buildActionMask = 2147483647;
			files = (
				16CD35F31CA9A6DE00FA6933 /* LaunchScreen.storyboard in Resources */,
				16CD35F01CA9A6DE00FA6933 /* Assets.xcassets in Resources */,
				16CD35EE1CA9A6DE00FA6933 /* Main.storyboard in Resources */,
			);
			runOnlyForDeploymentPostprocessing = 0;
		};
/* End PBXResourcesBuildPhase section */

/* Begin PBXShellScriptBuildPhase section */
		040DE71362B9529EB70281FE /* Embed Pods Frameworks */ = {
			isa = PBXShellScriptBuildPhase;
			buildActionMask = 2147483647;
			files = (
			);
			inputPaths = (
			);
			name = "Embed Pods Frameworks";
			outputPaths = (
			);
			runOnlyForDeploymentPostprocessing = 0;
			shellPath = /bin/sh;
			shellScript = "\"${SRCROOT}/Pods/Target Support Files/Pods-LightbulbDemo/Pods-LightbulbDemo-frameworks.sh\"\n";
			showEnvVarsInLog = 0;
		};
		74DDBBCAB39695593825C4FF /* Check Pods Manifest.lock */ = {
			isa = PBXShellScriptBuildPhase;
			buildActionMask = 2147483647;
			files = (
			);
			inputPaths = (
			);
			name = "Check Pods Manifest.lock";
			outputPaths = (
			);
			runOnlyForDeploymentPostprocessing = 0;
			shellPath = /bin/sh;
			shellScript = "diff \"${PODS_ROOT}/../Podfile.lock\" \"${PODS_ROOT}/Manifest.lock\" > /dev/null\nif [[ $? != 0 ]] ; then\n    cat << EOM\nerror: The sandbox is not in sync with the Podfile.lock. Run 'pod install' or update your CocoaPods installation.\nEOM\n    exit 1\nfi\n";
			showEnvVarsInLog = 0;
		};
		DB4C7C5C43A7DA528383175A /* Copy Pods Resources */ = {
			isa = PBXShellScriptBuildPhase;
			buildActionMask = 2147483647;
			files = (
			);
			inputPaths = (
			);
			name = "Copy Pods Resources";
			outputPaths = (
			);
			runOnlyForDeploymentPostprocessing = 0;
			shellPath = /bin/sh;
			shellScript = "\"${SRCROOT}/Pods/Target Support Files/Pods-LightbulbDemo/Pods-LightbulbDemo-resources.sh\"\n";
			showEnvVarsInLog = 0;
		};
/* End PBXShellScriptBuildPhase section */

/* Begin PBXSourcesBuildPhase section */
		16CD35E11CA9A6DD00FA6933 /* Sources */ = {
			isa = PBXSourcesBuildPhase;
			buildActionMask = 2147483647;
			files = (
				16CD35EB1CA9A6DE00FA6933 /* ViewController.swift in Sources */,
				16CD35E91CA9A6DE00FA6933 /* AppDelegate.swift in Sources */,
			);
			runOnlyForDeploymentPostprocessing = 0;
		};
/* End PBXSourcesBuildPhase section */

/* Begin PBXVariantGroup section */
		16CD35EC1CA9A6DE00FA6933 /* Main.storyboard */ = {
			isa = PBXVariantGroup;
			children = (
				16CD35ED1CA9A6DE00FA6933 /* Base */,
			);
			name = Main.storyboard;
			sourceTree = "<group>";
		};
		16CD35F11CA9A6DE00FA6933 /* LaunchScreen.storyboard */ = {
			isa = PBXVariantGroup;
			children = (
				16CD35F21CA9A6DE00FA6933 /* Base */,
			);
			name = LaunchScreen.storyboard;
			sourceTree = "<group>";
		};
/* End PBXVariantGroup section */

/* Begin XCBuildConfiguration section */
		16CD35F51CA9A6DE00FA6933 /* Debug */ = {
			isa = XCBuildConfiguration;
			buildSettings = {
				ALWAYS_SEARCH_USER_PATHS = NO;
				CLANG_ANALYZER_NONNULL = YES;
				CLANG_CXX_LANGUAGE_STANDARD = "gnu++0x";
				CLANG_CXX_LIBRARY = "libc++";
				CLANG_ENABLE_MODULES = YES;
				CLANG_ENABLE_OBJC_ARC = YES;
				CLANG_WARN_BOOL_CONVERSION = YES;
				CLANG_WARN_CONSTANT_CONVERSION = YES;
				CLANG_WARN_DIRECT_OBJC_ISA_USAGE = YES_ERROR;
				CLANG_WARN_EMPTY_BODY = YES;
				CLANG_WARN_ENUM_CONVERSION = YES;
				CLANG_WARN_INT_CONVERSION = YES;
				CLANG_WARN_OBJC_ROOT_CLASS = YES_ERROR;
				CLANG_WARN_UNREACHABLE_CODE = YES;
				CLANG_WARN__DUPLICATE_METHOD_MATCH = YES;
				"CODE_SIGN_IDENTITY[sdk=iphoneos*]" = "iPhone Developer";
				COPY_PHASE_STRIP = NO;
				DEBUG_INFORMATION_FORMAT = dwarf;
				ENABLE_STRICT_OBJC_MSGSEND = YES;
				ENABLE_TESTABILITY = YES;
				GCC_C_LANGUAGE_STANDARD = gnu99;
				GCC_DYNAMIC_NO_PIC = NO;
				GCC_NO_COMMON_BLOCKS = YES;
				GCC_OPTIMIZATION_LEVEL = 0;
				GCC_PREPROCESSOR_DEFINITIONS = (
					"DEBUG=1",
					"$(inherited)",
				);
				GCC_WARN_64_TO_32_BIT_CONVERSION = YES;
				GCC_WARN_ABOUT_RETURN_TYPE = YES_ERROR;
				GCC_WARN_UNDECLARED_SELECTOR = YES;
				GCC_WARN_UNINITIALIZED_AUTOS = YES_AGGRESSIVE;
				GCC_WARN_UNUSED_FUNCTION = YES;
				GCC_WARN_UNUSED_VARIABLE = YES;
				IPHONEOS_DEPLOYMENT_TARGET = 9.3;
				MTL_ENABLE_DEBUG_INFO = YES;
				ONLY_ACTIVE_ARCH = YES;
				SDKROOT = iphoneos;
				SWIFT_OPTIMIZATION_LEVEL = "-Onone";
			};
			name = Debug;
		};
		16CD35F61CA9A6DE00FA6933 /* Release */ = {
			isa = XCBuildConfiguration;
			buildSettings = {
				ALWAYS_SEARCH_USER_PATHS = NO;
				CLANG_ANALYZER_NONNULL = YES;
				CLANG_CXX_LANGUAGE_STANDARD = "gnu++0x";
				CLANG_CXX_LIBRARY = "libc++";
				CLANG_ENABLE_MODULES = YES;
				CLANG_ENABLE_OBJC_ARC = YES;
				CLANG_WARN_BOOL_CONVERSION = YES;
				CLANG_WARN_CONSTANT_CONVERSION = YES;
				CLANG_WARN_DIRECT_OBJC_ISA_USAGE = YES_ERROR;
				CLANG_WARN_EMPTY_BODY = YES;
				CLANG_WARN_ENUM_CONVERSION = YES;
				CLANG_WARN_INT_CONVERSION = YES;
				CLANG_WARN_OBJC_ROOT_CLASS = YES_ERROR;
				CLANG_WARN_UNREACHABLE_CODE = YES;
				CLANG_WARN__DUPLICATE_METHOD_MATCH = YES;
				"CODE_SIGN_IDENTITY[sdk=iphoneos*]" = "iPhone Developer";
				COPY_PHASE_STRIP = NO;
				DEBUG_INFORMATION_FORMAT = "dwarf-with-dsym";
				ENABLE_NS_ASSERTIONS = NO;
				ENABLE_STRICT_OBJC_MSGSEND = YES;
				GCC_C_LANGUAGE_STANDARD = gnu99;
				GCC_NO_COMMON_BLOCKS = YES;
				GCC_WARN_64_TO_32_BIT_CONVERSION = YES;
				GCC_WARN_ABOUT_RETURN_TYPE = YES_ERROR;
				GCC_WARN_UNDECLARED_SELECTOR = YES;
				GCC_WARN_UNINITIALIZED_AUTOS = YES_AGGRESSIVE;
				GCC_WARN_UNUSED_FUNCTION = YES;
				GCC_WARN_UNUSED_VARIABLE = YES;
				IPHONEOS_DEPLOYMENT_TARGET = 9.3;
				MTL_ENABLE_DEBUG_INFO = NO;
				SDKROOT = iphoneos;
				VALIDATE_PRODUCT = YES;
			};
			name = Release;
		};
		16CD35F81CA9A6DE00FA6933 /* Debug */ = {
			isa = XCBuildConfiguration;
			baseConfigurationReference = FF2D0EC4EED86D466B1E4038 /* Pods-LightbulbDemo.debug.xcconfig */;
			buildSettings = {
				ASSETCATALOG_COMPILER_APPICON_NAME = AppIcon;
				CLANG_ENABLE_MODULES = YES;
				INFOPLIST_FILE = LightbulbDemo/Info.plist;
				LD_RUNPATH_SEARCH_PATHS = "$(inherited) @executable_path/Frameworks";
				PRODUCT_BUNDLE_IDENTIFIER = com.kii.LightbulbDemo;
				PRODUCT_NAME = "$(TARGET_NAME)";
				SWIFT_OBJC_BRIDGING_HEADER = "LightbulbDemo/LightbulbDemo-Bridging-Header.h";
				SWIFT_OPTIMIZATION_LEVEL = "-Onone";
			};
			name = Debug;
		};
		16CD35F91CA9A6DE00FA6933 /* Release */ = {
			isa = XCBuildConfiguration;
			baseConfigurationReference = 1F70996622F4DDC95CA2FFF6 /* Pods-LightbulbDemo.release.xcconfig */;
			buildSettings = {
				ASSETCATALOG_COMPILER_APPICON_NAME = AppIcon;
				CLANG_ENABLE_MODULES = YES;
				INFOPLIST_FILE = LightbulbDemo/Info.plist;
				LD_RUNPATH_SEARCH_PATHS = "$(inherited) @executable_path/Frameworks";
				PRODUCT_BUNDLE_IDENTIFIER = com.kii.LightbulbDemo;
				PRODUCT_NAME = "$(TARGET_NAME)";
				SWIFT_OBJC_BRIDGING_HEADER = "LightbulbDemo/LightbulbDemo-Bridging-Header.h";
			};
			name = Release;
		};
/* End XCBuildConfiguration section */

/* Begin XCConfigurationList section */
		16CD35E01CA9A6DD00FA6933 /* Build configuration list for PBXProject "LightbulbDemo" */ = {
			isa = XCConfigurationList;
			buildConfigurations = (
				16CD35F51CA9A6DE00FA6933 /* Debug */,
				16CD35F61CA9A6DE00FA6933 /* Release */,
			);
			defaultConfigurationIsVisible = 0;
			defaultConfigurationName = Release;
		};
		16CD35F71CA9A6DE00FA6933 /* Build configuration list for PBXNativeTarget "LightbulbDemo" */ = {
			isa = XCConfigurationList;
			buildConfigurations = (
				16CD35F81CA9A6DE00FA6933 /* Debug */,
				16CD35F91CA9A6DE00FA6933 /* Release */,
			);
			defaultConfigurationIsVisible = 0;
			defaultConfigurationName = Release;
		};
/* End XCConfigurationList section */
	};
	rootObject = 16CD35DD1CA9A6DD00FA6933 /* Project object */;
}
